// !$*UTF8*$!
{
	archiveVersion = 1;
	classes = {
	};
	objectVersion = 55;
	objects = {

/* Begin PBXBuildFile section */
		8026959199337A55C0A03791 /* Pods_Petmily_Ios.framework in Frameworks */ = {isa = PBXBuildFile; fileRef = 94D55370A947915AE625E9C4 /* Pods_Petmily_Ios.framework */; };
		E63DE1A4285C654100FCB340 /* MapViewController.swift in Sources */ = {isa = PBXBuildFile; fileRef = E63DE1A3285C654100FCB340 /* MapViewController.swift */; };
		E66313E8285ADEBD00C610CE /* AppDelegate.swift in Sources */ = {isa = PBXBuildFile; fileRef = E66313E7285ADEBD00C610CE /* AppDelegate.swift */; };
		E66313EA285ADEBD00C610CE /* SceneDelegate.swift in Sources */ = {isa = PBXBuildFile; fileRef = E66313E9285ADEBD00C610CE /* SceneDelegate.swift */; };
		E66313F1285ADEBE00C610CE /* Assets.xcassets in Resources */ = {isa = PBXBuildFile; fileRef = E66313F0285ADEBE00C610CE /* Assets.xcassets */; };
		E66313F4285ADEBE00C610CE /* LaunchScreen.storyboard in Resources */ = {isa = PBXBuildFile; fileRef = E66313F2285ADEBE00C610CE /* LaunchScreen.storyboard */; };
		E6C605E5285E1B8E003F2261 /* PlaceDto.swift in Sources */ = {isa = PBXBuildFile; fileRef = E6C605E4285E1B8E003F2261 /* PlaceDto.swift */; };
		E6C9619E285AEB2B008D72F1 /* HomeViewController.swift in Sources */ = {isa = PBXBuildFile; fileRef = E6C9619D285AEB2B008D72F1 /* HomeViewController.swift */; };
		E6C961A1285AEB52008D72F1 /* StoryViewController.swift in Sources */ = {isa = PBXBuildFile; fileRef = E6C961A0285AEB52008D72F1 /* StoryViewController.swift */; };
		E6C961A5285AEB6A008D72F1 /* WalkViewController.swift in Sources */ = {isa = PBXBuildFile; fileRef = E6C961A4285AEB6A008D72F1 /* WalkViewController.swift */; };
		E6C961AA285B0775008D72F1 /* petmily.jpeg in Resources */ = {isa = PBXBuildFile; fileRef = E6C961A9285B0775008D72F1 /* petmily.jpeg */; };
		E6C961B0285B13B6008D72F1 /* Main.storyboard in Resources */ = {isa = PBXBuildFile; fileRef = E6C961AD285B10C0008D72F1 /* Main.storyboard */; };
		E6C961B2285B2F85008D72F1 /* PlaceViewController.swift in Sources */ = {isa = PBXBuildFile; fileRef = E6C961B1285B2F85008D72F1 /* PlaceViewController.swift */; };
		E6C961B4285B2F93008D72F1 /* AnalysisViewController.swift in Sources */ = {isa = PBXBuildFile; fileRef = E6C961B3285B2F93008D72F1 /* AnalysisViewController.swift */; };
/* End PBXBuildFile section */

/* Begin PBXFileReference section */
		62EE6AD8AB5B7B4D08710993 /* Pods-Petmily_Ios.debug.xcconfig */ = {isa = PBXFileReference; includeInIndex = 1; lastKnownFileType = text.xcconfig; name = "Pods-Petmily_Ios.debug.xcconfig"; path = "Target Support Files/Pods-Petmily_Ios/Pods-Petmily_Ios.debug.xcconfig"; sourceTree = "<group>"; };
		94D55370A947915AE625E9C4 /* Pods_Petmily_Ios.framework */ = {isa = PBXFileReference; explicitFileType = wrapper.framework; includeInIndex = 0; path = Pods_Petmily_Ios.framework; sourceTree = BUILT_PRODUCTS_DIR; };
		C8FF0E35A850E151538C6C25 /* Pods-Petmily_Ios.release.xcconfig */ = {isa = PBXFileReference; includeInIndex = 1; lastKnownFileType = text.xcconfig; name = "Pods-Petmily_Ios.release.xcconfig"; path = "Target Support Files/Pods-Petmily_Ios/Pods-Petmily_Ios.release.xcconfig"; sourceTree = "<group>"; };
		E63DE1A3285C654100FCB340 /* MapViewController.swift */ = {isa = PBXFileReference; lastKnownFileType = sourcecode.swift; path = MapViewController.swift; sourceTree = "<group>"; };
		E66313E4285ADEBD00C610CE /* Petmily_Ios.app */ = {isa = PBXFileReference; explicitFileType = wrapper.application; includeInIndex = 0; path = Petmily_Ios.app; sourceTree = BUILT_PRODUCTS_DIR; };
		E66313E7285ADEBD00C610CE /* AppDelegate.swift */ = {isa = PBXFileReference; lastKnownFileType = sourcecode.swift; path = AppDelegate.swift; sourceTree = "<group>"; };
		E66313E9285ADEBD00C610CE /* SceneDelegate.swift */ = {isa = PBXFileReference; lastKnownFileType = sourcecode.swift; path = SceneDelegate.swift; sourceTree = "<group>"; };
		E66313F0285ADEBE00C610CE /* Assets.xcassets */ = {isa = PBXFileReference; lastKnownFileType = folder.assetcatalog; path = Assets.xcassets; sourceTree = "<group>"; };
		E66313F3285ADEBE00C610CE /* Base */ = {isa = PBXFileReference; lastKnownFileType = file.storyboard; name = Base; path = Base.lproj/LaunchScreen.storyboard; sourceTree = "<group>"; };
		E66313F5285ADEBE00C610CE /* Info.plist */ = {isa = PBXFileReference; lastKnownFileType = text.plist.xml; path = Info.plist; sourceTree = "<group>"; };
		E6C605E4285E1B8E003F2261 /* PlaceDto.swift */ = {isa = PBXFileReference; lastKnownFileType = sourcecode.swift; path = PlaceDto.swift; sourceTree = "<group>"; };
		E6C9619D285AEB2B008D72F1 /* HomeViewController.swift */ = {isa = PBXFileReference; lastKnownFileType = sourcecode.swift; path = HomeViewController.swift; sourceTree = "<group>"; };
		E6C961A0285AEB52008D72F1 /* StoryViewController.swift */ = {isa = PBXFileReference; lastKnownFileType = sourcecode.swift; path = StoryViewController.swift; sourceTree = "<group>"; };
		E6C961A4285AEB6A008D72F1 /* WalkViewController.swift */ = {isa = PBXFileReference; lastKnownFileType = sourcecode.swift; path = WalkViewController.swift; sourceTree = "<group>"; };
		E6C961A9285B0775008D72F1 /* petmily.jpeg */ = {isa = PBXFileReference; lastKnownFileType = image.jpeg; name = petmily.jpeg; path = ../../../petmily.jpeg; sourceTree = "<group>"; };
		E6C961AD285B10C0008D72F1 /* Main.storyboard */ = {isa = PBXFileReference; lastKnownFileType = file.storyboard; path = Main.storyboard; sourceTree = "<group>"; };
		E6C961B1285B2F85008D72F1 /* PlaceViewController.swift */ = {isa = PBXFileReference; lastKnownFileType = sourcecode.swift; path = PlaceViewController.swift; sourceTree = "<group>"; };
		E6C961B3285B2F93008D72F1 /* AnalysisViewController.swift */ = {isa = PBXFileReference; lastKnownFileType = sourcecode.swift; path = AnalysisViewController.swift; sourceTree = "<group>"; };
/* End PBXFileReference section */

/* Begin PBXFrameworksBuildPhase section */
		E66313E1285ADEBD00C610CE /* Frameworks */ = {
			isa = PBXFrameworksBuildPhase;
			buildActionMask = 2147483647;
			files = (
				8026959199337A55C0A03791 /* Pods_Petmily_Ios.framework in Frameworks */,
			);
			runOnlyForDeploymentPostprocessing = 0;
		};
/* End PBXFrameworksBuildPhase section */

/* Begin PBXGroup section */
		54F3F103F2C49DE9D36E0591 /* Frameworks */ = {
			isa = PBXGroup;
			children = (
				94D55370A947915AE625E9C4 /* Pods_Petmily_Ios.framework */,
			);
			name = Frameworks;
			sourceTree = "<group>";
		};
		60A66340C3AC4D795C52D4C3 /* Pods */ = {
			isa = PBXGroup;
			children = (
				62EE6AD8AB5B7B4D08710993 /* Pods-Petmily_Ios.debug.xcconfig */,
				C8FF0E35A850E151538C6C25 /* Pods-Petmily_Ios.release.xcconfig */,
			);
			path = Pods;
			sourceTree = "<group>";
		};
		E6440B8F285E0D5F00CCC2BD /* 홈 */ = {
			isa = PBXGroup;
			children = (
				E6C9619D285AEB2B008D72F1 /* HomeViewController.swift */,
				E6C961B1285B2F85008D72F1 /* PlaceViewController.swift */,
				E6C961B3285B2F93008D72F1 /* AnalysisViewController.swift */,
			);
			name = "홈";
			path = "홈";
			sourceTree = "<group>";
		};
		E6440B90285E0D6E00CCC2BD /* 산책 */ = {
			isa = PBXGroup;
			children = (
				E6C961A4285AEB6A008D72F1 /* WalkViewController.swift */,
			);
			name = "산책";
			path = "산책";
			sourceTree = "<group>";
		};
		E6440B91285E0D7600CCC2BD /* 스토리 */ = {
			isa = PBXGroup;
			children = (
				E6C961A0285AEB52008D72F1 /* StoryViewController.swift */,
			);
			name = "스토리";
			path = "스토리";
			sourceTree = "<group>";
		};
		E6440B92285E0D8400CCC2BD /* 지도 */ = {
			isa = PBXGroup;
			children = (
				E63DE1A3285C654100FCB340 /* MapViewController.swift */,
				E6C605E4285E1B8E003F2261 /* PlaceDto.swift */,
			);
			name = "지도";
			path = "지도";
			sourceTree = "<group>";
		};
		E66313DB285ADEBD00C610CE = {
			isa = PBXGroup;
			children = (
				E66313E6285ADEBD00C610CE /* Petmily_Ios */,
				E66313E5285ADEBD00C610CE /* Products */,
				60A66340C3AC4D795C52D4C3 /* Pods */,
				54F3F103F2C49DE9D36E0591 /* Frameworks */,
			);
			sourceTree = "<group>";
		};
		E66313E5285ADEBD00C610CE /* Products */ = {
			isa = PBXGroup;
			children = (
				E66313E4285ADEBD00C610CE /* Petmily_Ios.app */,
			);
			name = Products;
			sourceTree = "<group>";
		};
		E66313E6285ADEBD00C610CE /* Petmily_Ios */ = {
			isa = PBXGroup;
			children = (
				E66313E7285ADEBD00C610CE /* AppDelegate.swift */,
				E66313E9285ADEBD00C610CE /* SceneDelegate.swift */,
				E66313F5285ADEBE00C610CE /* Info.plist */,
				E66313F0285ADEBE00C610CE /* Assets.xcassets */,
				E66313F2285ADEBE00C610CE /* LaunchScreen.storyboard */,
				E6C961A8285B0759008D72F1 /* Image */,
				E6C9619F285AEB36008D72F1 /* ViewController */,
				E6C961AD285B10C0008D72F1 /* Main.storyboard */,
			);
			path = Petmily_Ios;
			sourceTree = "<group>";
		};
		E6C9619F285AEB36008D72F1 /* ViewController */ = {
			isa = PBXGroup;
			children = (
				E6440B8F285E0D5F00CCC2BD /* 홈 */,
				E6440B91285E0D7600CCC2BD /* 스토리 */,
				E6440B90285E0D6E00CCC2BD /* 산책 */,
				E6440B92285E0D8400CCC2BD /* 지도 */,
			);
			path = ViewController;
			sourceTree = "<group>";
		};
		E6C961A8285B0759008D72F1 /* Image */ = {
			isa = PBXGroup;
			children = (
				E6C961A9285B0775008D72F1 /* petmily.jpeg */,
			);
			path = Image;
			sourceTree = "<group>";
		};
/* End PBXGroup section */

/* Begin PBXNativeTarget section */
		E66313E3285ADEBD00C610CE /* Petmily_Ios */ = {
			isa = PBXNativeTarget;
			buildConfigurationList = E66313F8285ADEBE00C610CE /* Build configuration list for PBXNativeTarget "Petmily_Ios" */;
			buildPhases = (
				D05357D3A73EBFF571E064ED /* [CP] Check Pods Manifest.lock */,
				E66313E0285ADEBD00C610CE /* Sources */,
				E66313E1285ADEBD00C610CE /* Frameworks */,
				E66313E2285ADEBD00C610CE /* Resources */,
				A36E33BB7DABE754DF777B35 /* [CP] Embed Pods Frameworks */,
			);
			buildRules = (
			);
			dependencies = (
			);
			name = Petmily_Ios;
			productName = Petmily_Ios;
			productReference = E66313E4285ADEBD00C610CE /* Petmily_Ios.app */;
			productType = "com.apple.product-type.application";
		};
/* End PBXNativeTarget section */

/* Begin PBXProject section */
		E66313DC285ADEBD00C610CE /* Project object */ = {
			isa = PBXProject;
			attributes = {
				BuildIndependentTargetsInParallel = 1;
				LastSwiftUpdateCheck = 1340;
				LastUpgradeCheck = 1340;
				TargetAttributes = {
					E66313E3285ADEBD00C610CE = {
						CreatedOnToolsVersion = 13.4.1;
					};
				};
			};
			buildConfigurationList = E66313DF285ADEBD00C610CE /* Build configuration list for PBXProject "Petmily_Ios" */;
			compatibilityVersion = "Xcode 13.0";
			developmentRegion = en;
			hasScannedForEncodings = 0;
			knownRegions = (
				en,
				Base,
			);
			mainGroup = E66313DB285ADEBD00C610CE;
			productRefGroup = E66313E5285ADEBD00C610CE /* Products */;
			projectDirPath = "";
			projectRoot = "";
			targets = (
				E66313E3285ADEBD00C610CE /* Petmily_Ios */,
			);
		};
/* End PBXProject section */

/* Begin PBXResourcesBuildPhase section */
		E66313E2285ADEBD00C610CE /* Resources */ = {
			isa = PBXResourcesBuildPhase;
			buildActionMask = 2147483647;
			files = (
				E6C961B0285B13B6008D72F1 /* Main.storyboard in Resources */,
				E6C961AA285B0775008D72F1 /* petmily.jpeg in Resources */,
				E66313F4285ADEBE00C610CE /* LaunchScreen.storyboard in Resources */,
				E66313F1285ADEBE00C610CE /* Assets.xcassets in Resources */,
			);
			runOnlyForDeploymentPostprocessing = 0;
		};
/* End PBXResourcesBuildPhase section */

/* Begin PBXShellScriptBuildPhase section */
		A36E33BB7DABE754DF777B35 /* [CP] Embed Pods Frameworks */ = {
			isa = PBXShellScriptBuildPhase;
			buildActionMask = 2147483647;
			files = (
			);
			inputFileListPaths = (
				"${PODS_ROOT}/Target Support Files/Pods-Petmily_Ios/Pods-Petmily_Ios-frameworks-${CONFIGURATION}-input-files.xcfilelist",
			);
			name = "[CP] Embed Pods Frameworks";
			outputFileListPaths = (
				"${PODS_ROOT}/Target Support Files/Pods-Petmily_Ios/Pods-Petmily_Ios-frameworks-${CONFIGURATION}-output-files.xcfilelist",
			);
			runOnlyForDeploymentPostprocessing = 0;
			shellPath = /bin/sh;
			shellScript = "\"${PODS_ROOT}/Target Support Files/Pods-Petmily_Ios/Pods-Petmily_Ios-frameworks.sh\"\n";
			showEnvVarsInLog = 0;
		};
		D05357D3A73EBFF571E064ED /* [CP] Check Pods Manifest.lock */ = {
			isa = PBXShellScriptBuildPhase;
			buildActionMask = 2147483647;
			files = (
			);
			inputFileListPaths = (
			);
			inputPaths = (
				"${PODS_PODFILE_DIR_PATH}/Podfile.lock",
				"${PODS_ROOT}/Manifest.lock",
			);
			name = "[CP] Check Pods Manifest.lock";
			outputFileListPaths = (
			);
			outputPaths = (
				"$(DERIVED_FILE_DIR)/Pods-Petmily_Ios-checkManifestLockResult.txt",
			);
			runOnlyForDeploymentPostprocessing = 0;
			shellPath = /bin/sh;
			shellScript = "diff \"${PODS_PODFILE_DIR_PATH}/Podfile.lock\" \"${PODS_ROOT}/Manifest.lock\" > /dev/null\nif [ $? != 0 ] ; then\n    # print error to STDERR\n    echo \"error: The sandbox is not in sync with the Podfile.lock. Run 'pod install' or update your CocoaPods installation.\" >&2\n    exit 1\nfi\n# This output is used by Xcode 'outputs' to avoid re-running this script phase.\necho \"SUCCESS\" > \"${SCRIPT_OUTPUT_FILE_0}\"\n";
			showEnvVarsInLog = 0;
		};
/* End PBXShellScriptBuildPhase section */

/* Begin PBXSourcesBuildPhase section */
		E66313E0285ADEBD00C610CE /* Sources */ = {
			isa = PBXSourcesBuildPhase;
			buildActionMask = 2147483647;
			files = (
				E6C961A1285AEB52008D72F1 /* StoryViewController.swift in Sources */,
				E6C961B4285B2F93008D72F1 /* AnalysisViewController.swift in Sources */,
				E6C605E5285E1B8E003F2261 /* PlaceDto.swift in Sources */,
				E66313E8285ADEBD00C610CE /* AppDelegate.swift in Sources */,
				E6C961B2285B2F85008D72F1 /* PlaceViewController.swift in Sources */,
				E66313EA285ADEBD00C610CE /* SceneDelegate.swift in Sources */,
				E6C9619E285AEB2B008D72F1 /* HomeViewController.swift in Sources */,
				E6C961A5285AEB6A008D72F1 /* WalkViewController.swift in Sources */,
				E63DE1A4285C654100FCB340 /* MapViewController.swift in Sources */,
			);
			runOnlyForDeploymentPostprocessing = 0;
		};
/* End PBXSourcesBuildPhase section */

/* Begin PBXVariantGroup section */
		E66313F2285ADEBE00C610CE /* LaunchScreen.storyboard */ = {
			isa = PBXVariantGroup;
			children = (
				E66313F3285ADEBE00C610CE /* Base */,
			);
			name = LaunchScreen.storyboard;
			sourceTree = "<group>";
		};
/* End PBXVariantGroup section */

/* Begin XCBuildConfiguration section */
		E66313F6285ADEBE00C610CE /* Debug */ = {
			isa = XCBuildConfiguration;
			buildSettings = {
				ALWAYS_SEARCH_USER_PATHS = NO;
				CLANG_ANALYZER_NONNULL = YES;
				CLANG_ANALYZER_NUMBER_OBJECT_CONVERSION = YES_AGGRESSIVE;
				CLANG_CXX_LANGUAGE_STANDARD = "gnu++17";
				CLANG_ENABLE_MODULES = YES;
				CLANG_ENABLE_OBJC_ARC = YES;
				CLANG_ENABLE_OBJC_WEAK = YES;
				CLANG_WARN_BLOCK_CAPTURE_AUTORELEASING = YES;
				CLANG_WARN_BOOL_CONVERSION = YES;
				CLANG_WARN_COMMA = YES;
				CLANG_WARN_CONSTANT_CONVERSION = YES;
				CLANG_WARN_DEPRECATED_OBJC_IMPLEMENTATIONS = YES;
				CLANG_WARN_DIRECT_OBJC_ISA_USAGE = YES_ERROR;
				CLANG_WARN_DOCUMENTATION_COMMENTS = YES;
				CLANG_WARN_EMPTY_BODY = YES;
				CLANG_WARN_ENUM_CONVERSION = YES;
				CLANG_WARN_INFINITE_RECURSION = YES;
				CLANG_WARN_INT_CONVERSION = YES;
				CLANG_WARN_NON_LITERAL_NULL_CONVERSION = YES;
				CLANG_WARN_OBJC_IMPLICIT_RETAIN_SELF = YES;
				CLANG_WARN_OBJC_LITERAL_CONVERSION = YES;
				CLANG_WARN_OBJC_ROOT_CLASS = YES_ERROR;
				CLANG_WARN_QUOTED_INCLUDE_IN_FRAMEWORK_HEADER = YES;
				CLANG_WARN_RANGE_LOOP_ANALYSIS = YES;
				CLANG_WARN_STRICT_PROTOTYPES = YES;
				CLANG_WARN_SUSPICIOUS_MOVE = YES;
				CLANG_WARN_UNGUARDED_AVAILABILITY = YES_AGGRESSIVE;
				CLANG_WARN_UNREACHABLE_CODE = YES;
				CLANG_WARN__DUPLICATE_METHOD_MATCH = YES;
				COPY_PHASE_STRIP = NO;
				DEBUG_INFORMATION_FORMAT = dwarf;
				ENABLE_STRICT_OBJC_MSGSEND = YES;
				ENABLE_TESTABILITY = YES;
				GCC_C_LANGUAGE_STANDARD = gnu11;
				GCC_DYNAMIC_NO_PIC = NO;
				GCC_NO_COMMON_BLOCKS = YES;
				GCC_OPTIMIZATION_LEVEL = 0;
				GCC_PREPROCESSOR_DEFINITIONS = (
					"DEBUG=1",
					"$(inherited)",
				);
				GCC_WARN_64_TO_32_BIT_CONVERSION = YES;
				GCC_WARN_ABOUT_RETURN_TYPE = YES_ERROR;
				GCC_WARN_UNDECLARED_SELECTOR = YES;
				GCC_WARN_UNINITIALIZED_AUTOS = YES_AGGRESSIVE;
				GCC_WARN_UNUSED_FUNCTION = YES;
				GCC_WARN_UNUSED_VARIABLE = YES;
				INFOPLIST_KEY_UIMainStoryboardFile = Main;
				IPHONEOS_DEPLOYMENT_TARGET = 15.5;
				MTL_ENABLE_DEBUG_INFO = INCLUDE_SOURCE;
				MTL_FAST_MATH = YES;
				ONLY_ACTIVE_ARCH = YES;
				SDKROOT = iphoneos;
				SWIFT_ACTIVE_COMPILATION_CONDITIONS = DEBUG;
				SWIFT_OPTIMIZATION_LEVEL = "-Onone";
			};
			name = Debug;
		};
		E66313F7285ADEBE00C610CE /* Release */ = {
			isa = XCBuildConfiguration;
			buildSettings = {
				ALWAYS_SEARCH_USER_PATHS = NO;
				CLANG_ANALYZER_NONNULL = YES;
				CLANG_ANALYZER_NUMBER_OBJECT_CONVERSION = YES_AGGRESSIVE;
				CLANG_CXX_LANGUAGE_STANDARD = "gnu++17";
				CLANG_ENABLE_MODULES = YES;
				CLANG_ENABLE_OBJC_ARC = YES;
				CLANG_ENABLE_OBJC_WEAK = YES;
				CLANG_WARN_BLOCK_CAPTURE_AUTORELEASING = YES;
				CLANG_WARN_BOOL_CONVERSION = YES;
				CLANG_WARN_COMMA = YES;
				CLANG_WARN_CONSTANT_CONVERSION = YES;
				CLANG_WARN_DEPRECATED_OBJC_IMPLEMENTATIONS = YES;
				CLANG_WARN_DIRECT_OBJC_ISA_USAGE = YES_ERROR;
				CLANG_WARN_DOCUMENTATION_COMMENTS = YES;
				CLANG_WARN_EMPTY_BODY = YES;
				CLANG_WARN_ENUM_CONVERSION = YES;
				CLANG_WARN_INFINITE_RECURSION = YES;
				CLANG_WARN_INT_CONVERSION = YES;
				CLANG_WARN_NON_LITERAL_NULL_CONVERSION = YES;
				CLANG_WARN_OBJC_IMPLICIT_RETAIN_SELF = YES;
				CLANG_WARN_OBJC_LITERAL_CONVERSION = YES;
				CLANG_WARN_OBJC_ROOT_CLASS = YES_ERROR;
				CLANG_WARN_QUOTED_INCLUDE_IN_FRAMEWORK_HEADER = YES;
				CLANG_WARN_RANGE_LOOP_ANALYSIS = YES;
				CLANG_WARN_STRICT_PROTOTYPES = YES;
				CLANG_WARN_SUSPICIOUS_MOVE = YES;
				CLANG_WARN_UNGUARDED_AVAILABILITY = YES_AGGRESSIVE;
				CLANG_WARN_UNREACHABLE_CODE = YES;
				CLANG_WARN__DUPLICATE_METHOD_MATCH = YES;
				COPY_PHASE_STRIP = NO;
				DEBUG_INFORMATION_FORMAT = "dwarf-with-dsym";
				ENABLE_NS_ASSERTIONS = NO;
				ENABLE_STRICT_OBJC_MSGSEND = YES;
				GCC_C_LANGUAGE_STANDARD = gnu11;
				GCC_NO_COMMON_BLOCKS = YES;
				GCC_WARN_64_TO_32_BIT_CONVERSION = YES;
				GCC_WARN_ABOUT_RETURN_TYPE = YES_ERROR;
				GCC_WARN_UNDECLARED_SELECTOR = YES;
				GCC_WARN_UNINITIALIZED_AUTOS = YES_AGGRESSIVE;
				GCC_WARN_UNUSED_FUNCTION = YES;
				GCC_WARN_UNUSED_VARIABLE = YES;
				INFOPLIST_KEY_UIMainStoryboardFile = Main;
				IPHONEOS_DEPLOYMENT_TARGET = 15.5;
				MTL_ENABLE_DEBUG_INFO = NO;
				MTL_FAST_MATH = YES;
				SDKROOT = iphoneos;
				SWIFT_COMPILATION_MODE = wholemodule;
				SWIFT_OPTIMIZATION_LEVEL = "-O";
				VALIDATE_PRODUCT = YES;
			};
			name = Release;
		};
		E66313F9285ADEBE00C610CE /* Debug */ = {
			isa = XCBuildConfiguration;
			baseConfigurationReference = 62EE6AD8AB5B7B4D08710993 /* Pods-Petmily_Ios.debug.xcconfig */;
			buildSettings = {
				ASSETCATALOG_COMPILER_APPICON_NAME = AppIcon;
				ASSETCATALOG_COMPILER_GLOBAL_ACCENT_COLOR_NAME = AccentColor;
				CODE_SIGN_STYLE = Automatic;
				CURRENT_PROJECT_VERSION = 1;
				DEVELOPMENT_TEAM = H7QCNS76D4;
				GENERATE_INFOPLIST_FILE = YES;
				INFOPLIST_FILE = Petmily_Ios/Info.plist;
				INFOPLIST_KEY_UIApplicationSupportsIndirectInputEvents = YES;
				INFOPLIST_KEY_UILaunchStoryboardName = LaunchScreen;
				INFOPLIST_KEY_UIMainStoryboardFile = Main;
				INFOPLIST_KEY_UISupportedInterfaceOrientations = UIInterfaceOrientationPortrait;
				INFOPLIST_KEY_UISupportedInterfaceOrientations_iPad = "UIInterfaceOrientationPortrait UIInterfaceOrientationPortraitUpsideDown UIInterfaceOrientationLandscapeLeft UIInterfaceOrientationLandscapeRight";
				INFOPLIST_KEY_UISupportedInterfaceOrientations_iPhone = "UIInterfaceOrientationPortrait UIInterfaceOrientationLandscapeLeft UIInterfaceOrientationLandscapeRight";
				LD_RUNPATH_SEARCH_PATHS = (
					"$(inherited)",
					"@executable_path/Frameworks",
				);
				MARKETING_VERSION = 1.0;
				PRODUCT_BUNDLE_IDENTIFIER = "com.bagooni.Petmily-Ios";
				PRODUCT_NAME = "$(TARGET_NAME)";
				SWIFT_EMIT_LOC_STRINGS = YES;
				SWIFT_VERSION = 5.0;
				TARGETED_DEVICE_FAMILY = "1,2";
			};
			name = Debug;
		};
		E66313FA285ADEBE00C610CE /* Release */ = {
			isa = XCBuildConfiguration;
			baseConfigurationReference = C8FF0E35A850E151538C6C25 /* Pods-Petmily_Ios.release.xcconfig */;
			buildSettings = {
				ASSETCATALOG_COMPILER_APPICON_NAME = AppIcon;
				ASSETCATALOG_COMPILER_GLOBAL_ACCENT_COLOR_NAME = AccentColor;
				CODE_SIGN_STYLE = Automatic;
				CURRENT_PROJECT_VERSION = 1;
				DEVELOPMENT_TEAM = H7QCNS76D4;
				GENERATE_INFOPLIST_FILE = YES;
				INFOPLIST_FILE = Petmily_Ios/Info.plist;
				INFOPLIST_KEY_UIApplicationSupportsIndirectInputEvents = YES;
				INFOPLIST_KEY_UILaunchStoryboardName = LaunchScreen;
				INFOPLIST_KEY_UIMainStoryboardFile = Main;
				INFOPLIST_KEY_UISupportedInterfaceOrientations = UIInterfaceOrientationPortrait;
				INFOPLIST_KEY_UISupportedInterfaceOrientations_iPad = "UIInterfaceOrientationPortrait UIInterfaceOrientationPortraitUpsideDown UIInterfaceOrientationLandscapeLeft UIInterfaceOrientationLandscapeRight";
				INFOPLIST_KEY_UISupportedInterfaceOrientations_iPhone = "UIInterfaceOrientationPortrait UIInterfaceOrientationLandscapeLeft UIInterfaceOrientationLandscapeRight";
				LD_RUNPATH_SEARCH_PATHS = (
					"$(inherited)",
					"@executable_path/Frameworks",
				);
				MARKETING_VERSION = 1.0;
				PRODUCT_BUNDLE_IDENTIFIER = "com.bagooni.Petmily-Ios";
				PRODUCT_NAME = "$(TARGET_NAME)";
				SWIFT_EMIT_LOC_STRINGS = YES;
				SWIFT_VERSION = 5.0;
				TARGETED_DEVICE_FAMILY = "1,2";
			};
			name = Release;
		};
/* End XCBuildConfiguration section */

/* Begin XCConfigurationList section */
		E66313DF285ADEBD00C610CE /* Build configuration list for PBXProject "Petmily_Ios" */ = {
			isa = XCConfigurationList;
			buildConfigurations = (
				E66313F6285ADEBE00C610CE /* Debug */,
				E66313F7285ADEBE00C610CE /* Release */,
			);
			defaultConfigurationIsVisible = 0;
			defaultConfigurationName = Release;
		};
		E66313F8285ADEBE00C610CE /* Build configuration list for PBXNativeTarget "Petmily_Ios" */ = {
			isa = XCConfigurationList;
			buildConfigurations = (
				E66313F9285ADEBE00C610CE /* Debug */,
				E66313FA285ADEBE00C610CE /* Release */,
			);
			defaultConfigurationIsVisible = 0;
			defaultConfigurationName = Release;
		};
/* End XCConfigurationList section */
	};
	rootObject = E66313DC285ADEBD00C610CE /* Project object */;
}
